
Microsoft Visual Studio Solution File, Format Version 12.00
# Visual Studio Version 17
VisualStudioVersion = 17.11.34909.67
MinimumVisualStudioVersion = 10.0.40219.1
Project("{FAE04EC0-301F-11D3-BF4B-00C04F79EFBC}") = "TouchTracking.MAUI", "TouchTracking.MAUI\TouchTracking.MAUI.csproj", "{4A1A06B8-FF38-40FB-8C72-4ED4B3F06010}"
EndProject
Project("{FAE04EC0-301F-11D3-BF4B-00C04F79EFBC}") = "TouchTracking.MAUI.Demo", "TouchTracking.MAUI.Demo\TouchTracking.MAUI.Demo.csproj", "{59AA19EE-5E45-4EAB-8321-456B7566A7A7}"
EndProject
Global
	GlobalSection(SolutionConfigurationPlatforms) = preSolution
		Debug|Any CPU = Debug|Any CPU
		Release|Any CPU = Release|Any CPU
	EndGlobalSection
	GlobalSection(ProjectConfigurationPlatforms) = postSolution
		{4A1A06B8-FF38-40FB-8C72-4ED4B3F06010}.Debug|Any CPU.ActiveCfg = Debug|Any CPU
		{4A1A06B8-FF38-40FB-8C72-4ED4B3F06010}.Debug|Any CPU.Build.0 = Debug|Any CPU
		{4A1A06B8-FF38-40FB-8C72-4ED4B3F06010}.Release|Any CPU.ActiveCfg = Release|Any CPU
		{4A1A06B8-FF38-40FB-8C72-4ED4B3F06010}.Release|Any CPU.Build.0 = Release|Any CPU
		{59AA19EE-5E45-4EAB-8321-456B7566A7A7}.Debug|Any CPU.ActiveCfg = Debug|Any CPU
		{59AA19EE-5E45-4EAB-8321-456B7566A7A7}.Debug|Any CPU.Build.0 = Debug|Any CPU
		{59AA19EE-5E45-4EAB-8321-456B7566A7A7}.Debug|Any CPU.Deploy.0 = Debug|Any CPU
		{59AA19EE-5E45-4EAB-8321-456B7566A7A7}.Release|Any CPU.ActiveCfg = Release|Any CPU
		{59AA19EE-5E45-4EAB-8321-456B7566A7A7}.Release|Any CPU.Build.0 = Release|Any CPU
		{59AA19EE-5E45-4EAB-8321-456B7566A7A7}.Release|Any CPU.Deploy.0 = Release|Any CPU
	EndGlobalSection
	GlobalSection(SolutionProperties) = preSolution
		HideSolutionNode = FALSE
	EndGlobalSection
	GlobalSection(ExtensibilityGlobals) = postSolution
		SolutionGuid = {1AEDE2E8-2753-417D-A85F-7750EEB010DE}
	EndGlobalSection
EndGlobal
